
Microsoft Visual Studio Solution File, Format Version 12.00
# Visual Studio Version 17
VisualStudioVersion = 17.9.34714.143
MinimumVisualStudioVersion = 10.0.40219.1
Project("{FAE04EC0-301F-11D3-BF4B-00C04F79EFBC}") = "PicApp.Android", "PicApp\PicApp.Android\PicApp.Android.csproj", "{092DB2D7-C75F-4776-8B23-9F74C2EA9942}"
EndProject
Project("{FAE04EC0-301F-11D3-BF4B-00C04F79EFBC}") = "PicApp", "PicApp\PicApp\PicApp.csproj", "{D77D9249-5F61-495D-A753-A81854ACF088}"
EndProject
Global
	GlobalSection(SolutionConfigurationPlatforms) = preSolution
		Debug|Any CPU = Debug|Any CPU
		Release|Any CPU = Release|Any CPU
	EndGlobalSection
	GlobalSection(ProjectConfigurationPlatforms) = postSolution
		{092DB2D7-C75F-4776-8B23-9F74C2EA9942}.Debug|Any CPU.ActiveCfg = Debug|Any CPU
		{092DB2D7-C75F-4776-8B23-9F74C2EA9942}.Debug|Any CPU.Build.0 = Debug|Any CPU
		{092DB2D7-C75F-4776-8B23-9F74C2EA9942}.Debug|Any CPU.Deploy.0 = Debug|Any CPU
		{092DB2D7-C75F-4776-8B23-9F74C2EA9942}.Release|Any CPU.ActiveCfg = Release|Any CPU
		{092DB2D7-C75F-4776-8B23-9F74C2EA9942}.Release|Any CPU.Build.0 = Release|Any CPU
		{092DB2D7-C75F-4776-8B23-9F74C2EA9942}.Release|Any CPU.Deploy.0 = Release|Any CPU
		{D77D9249-5F61-495D-A753-A81854ACF088}.Debug|Any CPU.ActiveCfg = Debug|Any CPU
		{D77D9249-5F61-495D-A753-A81854ACF088}.Debug|Any CPU.Build.0 = Debug|Any CPU
		{D77D9249-5F61-495D-A753-A81854ACF088}.Debug|Any CPU.Deploy.0 = Debug|Any CPU
		{D77D9249-5F61-495D-A753-A81854ACF088}.Release|Any CPU.ActiveCfg = Release|Any CPU
		{D77D9249-5F61-495D-A753-A81854ACF088}.Release|Any CPU.Build.0 = Release|Any CPU
		{D77D9249-5F61-495D-A753-A81854ACF088}.Release|Any CPU.Deploy.0 = Release|Any CPU
	EndGlobalSection
	GlobalSection(SolutionProperties) = preSolution
		HideSolutionNode = FALSE
	EndGlobalSection
	GlobalSection(ExtensibilityGlobals) = postSolution
		SolutionGuid = {0CCFCE56-FC1B-4FD8-A60E-250569ED7E73}
	EndGlobalSection
EndGlobal
